
Microsoft Visual Studio Solution File, Format Version 12.00
# Visual Studio Version 17
VisualStudioVersion = 17.13.35806.99 d17.13
MinimumVisualStudioVersion = 10.0.40219.1
Project("{FAE04EC0-301F-11D3-BF4B-00C04F79EFBC}") = "try_refliction", "try_refliction\try_refliction.csproj", "{BEDC551F-3821-4AEC-B22A-A8C7BFCFEC77}"
EndProject
Global
	GlobalSection(SolutionConfigurationPlatforms) = preSolution
		Debug|Any CPU = Debug|Any CPU
		Release|Any CPU = Release|Any CPU
	EndGlobalSection
	GlobalSection(ProjectConfigurationPlatforms) = postSolution
		{BEDC551F-3821-4AEC-B22A-A8C7BFCFEC77}.Debug|Any CPU.ActiveCfg = Debug|Any CPU
		{BEDC551F-3821-4AEC-B22A-A8C7BFCFEC77}.Debug|Any CPU.Build.0 = Debug|Any CPU
		{BEDC551F-3821-4AEC-B22A-A8C7BFCFEC77}.Release|Any CPU.ActiveCfg = Release|Any CPU
		{BEDC551F-3821-4AEC-B22A-A8C7BFCFEC77}.Release|Any CPU.Build.0 = Release|Any CPU
	EndGlobalSection
	GlobalSection(SolutionProperties) = preSolution
		HideSolutionNode = FALSE
	EndGlobalSection
	GlobalSection(ExtensibilityGlobals) = postSolution
		SolutionGuid = {BA91D1ED-1FEF-4536-A1D7-2AF56CF60D35}
	EndGlobalSection
EndGlobal
